
Microsoft Visual Studio Solution File, Format Version 12.00
# Visual Studio Version 17
VisualStudioVersion = 17.12.35527.113
MinimumVisualStudioVersion = 10.0.40219.1
Project("{8BC9CEB8-8B4A-11D0-8D11-00A0C91BC942}") = "01_basic", "01_basic\01_basic.vcxproj", "{98ACF1B0-C512-4D65-B520-D07CAD3785F8}"
EndProject
Project("{8BC9CEB8-8B4A-11D0-8D11-00A0C91BC942}") = "02a_partition", "02a_partition\02a_partition.vcxproj", "{21DAF226-33E8-4DA4-99B1-1943A36FD5BB}"
EndProject
Project("{8BC9CEB8-8B4A-11D0-8D11-00A0C91BC942}") = "02b_partition_impl", "02b_partition_impl\02b_partition_impl.vcxproj", "{D1537E92-F871-45F6-A518-B7E6ED094848}"
EndProject
Project("{8BC9CEB8-8B4A-11D0-8D11-00A0C91BC942}") = "03_submodules", "03_submodules\03_submodules.vcxproj", "{55497345-2798-4463-A2DB-8487AEA30773}"
EndProject
Project("{8BC9CEB8-8B4A-11D0-8D11-00A0C91BC942}") = "04_header_unit", "04_header_unit\04_header_unit.vcxproj", "{D6FB2A08-4A01-482D-A1AA-30913ADB4F22}"
EndProject
Project("{8BC9CEB8-8B4A-11D0-8D11-00A0C91BC942}") = "e1_header_unit_fail", "e1_header_unit_fail\e1_header_unit_fail.vcxproj", "{09C0AE12-8ECA-41FF-942E-E4E136E40B00}"
EndProject
Project("{2150E333-8FDC-42A3-9474-1A3956D46DE8}") = "Multi-Projects", "Multi-Projects", "{C6EF9D78-C8C2-4B07-A792-E9E4A9D5EF6A}"
EndProject
Project("{8BC9CEB8-8B4A-11D0-8D11-00A0C91BC942}") = "app1", "multi_projects\app1\app1.vcxproj", "{10C4DDE6-CE1B-4D31-9473-AE058E45DBD8}"
EndProject
Project("{8BC9CEB8-8B4A-11D0-8D11-00A0C91BC942}") = "libMyMath", "multi_projects\libMyMath\libMyMath.vcxproj", "{7266D3AA-CE04-482D-BF3C-EBF82A95E18C}"
EndProject
Project("{8BC9CEB8-8B4A-11D0-8D11-00A0C91BC942}") = "libStdHeaderUnit", "multi_projects\libStdHeaderUnit\libStdHeaderUnit.vcxproj", "{3ADF16B1-86B5-4C0D-9E9E-3F552B205515}"
EndProject
Project("{8BC9CEB8-8B4A-11D0-8D11-00A0C91BC942}") = "MyGraph", "multi_projects\libMyGraph\libMyGraph.vcxproj", "{3C6C56CD-1868-42AC-BDAC-F92AB3095038}"
EndProject
Global
	GlobalSection(SolutionConfigurationPlatforms) = preSolution
		Debug|x64 = Debug|x64
		Debug|x86 = Debug|x86
		Release|x64 = Release|x64
		Release|x86 = Release|x86
	EndGlobalSection
	GlobalSection(ProjectConfigurationPlatforms) = postSolution
		{98ACF1B0-C512-4D65-B520-D07CAD3785F8}.Debug|x64.ActiveCfg = Debug|x64
		{98ACF1B0-C512-4D65-B520-D07CAD3785F8}.Debug|x64.Build.0 = Debug|x64
		{98ACF1B0-C512-4D65-B520-D07CAD3785F8}.Debug|x86.ActiveCfg = Debug|Win32
		{98ACF1B0-C512-4D65-B520-D07CAD3785F8}.Debug|x86.Build.0 = Debug|Win32
		{98ACF1B0-C512-4D65-B520-D07CAD3785F8}.Release|x64.ActiveCfg = Release|x64
		{98ACF1B0-C512-4D65-B520-D07CAD3785F8}.Release|x64.Build.0 = Release|x64
		{98ACF1B0-C512-4D65-B520-D07CAD3785F8}.Release|x86.ActiveCfg = Release|Win32
		{98ACF1B0-C512-4D65-B520-D07CAD3785F8}.Release|x86.Build.0 = Release|Win32
		{21DAF226-33E8-4DA4-99B1-1943A36FD5BB}.Debug|x64.ActiveCfg = Debug|x64
		{21DAF226-33E8-4DA4-99B1-1943A36FD5BB}.Debug|x64.Build.0 = Debug|x64
		{21DAF226-33E8-4DA4-99B1-1943A36FD5BB}.Debug|x86.ActiveCfg = Debug|Win32
		{21DAF226-33E8-4DA4-99B1-1943A36FD5BB}.Debug|x86.Build.0 = Debug|Win32
		{21DAF226-33E8-4DA4-99B1-1943A36FD5BB}.Release|x64.ActiveCfg = Release|x64
		{21DAF226-33E8-4DA4-99B1-1943A36FD5BB}.Release|x64.Build.0 = Release|x64
		{21DAF226-33E8-4DA4-99B1-1943A36FD5BB}.Release|x86.ActiveCfg = Release|Win32
		{21DAF226-33E8-4DA4-99B1-1943A36FD5BB}.Release|x86.Build.0 = Release|Win32
		{D1537E92-F871-45F6-A518-B7E6ED094848}.Debug|x64.ActiveCfg = Debug|x64
		{D1537E92-F871-45F6-A518-B7E6ED094848}.Debug|x64.Build.0 = Debug|x64
		{D1537E92-F871-45F6-A518-B7E6ED094848}.Debug|x86.ActiveCfg = Debug|Win32
		{D1537E92-F871-45F6-A518-B7E6ED094848}.Debug|x86.Build.0 = Debug|Win32
		{D1537E92-F871-45F6-A518-B7E6ED094848}.Release|x64.ActiveCfg = Release|x64
		{D1537E92-F871-45F6-A518-B7E6ED094848}.Release|x64.Build.0 = Release|x64
		{D1537E92-F871-45F6-A518-B7E6ED094848}.Release|x86.ActiveCfg = Release|Win32
		{D1537E92-F871-45F6-A518-B7E6ED094848}.Release|x86.Build.0 = Release|Win32
		{55497345-2798-4463-A2DB-8487AEA30773}.Debug|x64.ActiveCfg = Debug|x64
		{55497345-2798-4463-A2DB-8487AEA30773}.Debug|x64.Build.0 = Debug|x64
		{55497345-2798-4463-A2DB-8487AEA30773}.Debug|x86.ActiveCfg = Debug|Win32
		{55497345-2798-4463-A2DB-8487AEA30773}.Debug|x86.Build.0 = Debug|Win32
		{55497345-2798-4463-A2DB-8487AEA30773}.Release|x64.ActiveCfg = Release|x64
		{55497345-2798-4463-A2DB-8487AEA30773}.Release|x64.Build.0 = Release|x64
		{55497345-2798-4463-A2DB-8487AEA30773}.Release|x86.ActiveCfg = Release|Win32
		{55497345-2798-4463-A2DB-8487AEA30773}.Release|x86.Build.0 = Release|Win32
		{D6FB2A08-4A01-482D-A1AA-30913ADB4F22}.Debug|x64.ActiveCfg = Debug|x64
		{D6FB2A08-4A01-482D-A1AA-30913ADB4F22}.Debug|x64.Build.0 = Debug|x64
		{D6FB2A08-4A01-482D-A1AA-30913ADB4F22}.Debug|x86.ActiveCfg = Debug|Win32
		{D6FB2A08-4A01-482D-A1AA-30913ADB4F22}.Debug|x86.Build.0 = Debug|Win32
		{D6FB2A08-4A01-482D-A1AA-30913ADB4F22}.Release|x64.ActiveCfg = Release|x64
		{D6FB2A08-4A01-482D-A1AA-30913ADB4F22}.Release|x64.Build.0 = Release|x64
		{D6FB2A08-4A01-482D-A1AA-30913ADB4F22}.Release|x86.ActiveCfg = Release|Win32
		{D6FB2A08-4A01-482D-A1AA-30913ADB4F22}.Release|x86.Build.0 = Release|Win32
		{09C0AE12-8ECA-41FF-942E-E4E136E40B00}.Debug|x64.ActiveCfg = Debug|x64
		{09C0AE12-8ECA-41FF-942E-E4E136E40B00}.Debug|x64.Build.0 = Debug|x64
		{09C0AE12-8ECA-41FF-942E-E4E136E40B00}.Debug|x86.ActiveCfg = Debug|Win32
		{09C0AE12-8ECA-41FF-942E-E4E136E40B00}.Debug|x86.Build.0 = Debug|Win32
		{09C0AE12-8ECA-41FF-942E-E4E136E40B00}.Release|x64.ActiveCfg = Release|x64
		{09C0AE12-8ECA-41FF-942E-E4E136E40B00}.Release|x64.Build.0 = Release|x64
		{09C0AE12-8ECA-41FF-942E-E4E136E40B00}.Release|x86.ActiveCfg = Release|Win32
		{09C0AE12-8ECA-41FF-942E-E4E136E40B00}.Release|x86.Build.0 = Release|Win32
		{10C4DDE6-CE1B-4D31-9473-AE058E45DBD8}.Debug|x64.ActiveCfg = Debug|x64
		{10C4DDE6-CE1B-4D31-9473-AE058E45DBD8}.Debug|x64.Build.0 = Debug|x64
		{10C4DDE6-CE1B-4D31-9473-AE058E45DBD8}.Debug|x86.ActiveCfg = Debug|Win32
		{10C4DDE6-CE1B-4D31-9473-AE058E45DBD8}.Debug|x86.Build.0 = Debug|Win32
		{10C4DDE6-CE1B-4D31-9473-AE058E45DBD8}.Release|x64.ActiveCfg = Release|x64
		{10C4DDE6-CE1B-4D31-9473-AE058E45DBD8}.Release|x64.Build.0 = Release|x64
		{10C4DDE6-CE1B-4D31-9473-AE058E45DBD8}.Release|x86.ActiveCfg = Release|Win32
		{10C4DDE6-CE1B-4D31-9473-AE058E45DBD8}.Release|x86.Build.0 = Release|Win32
		{7266D3AA-CE04-482D-BF3C-EBF82A95E18C}.Debug|x64.ActiveCfg = Debug|x64
		{7266D3AA-CE04-482D-BF3C-EBF82A95E18C}.Debug|x64.Build.0 = Debug|x64
		{7266D3AA-CE04-482D-BF3C-EBF82A95E18C}.Debug|x86.ActiveCfg = Debug|Win32
		{7266D3AA-CE04-482D-BF3C-EBF82A95E18C}.Debug|x86.Build.0 = Debug|Win32
		{7266D3AA-CE04-482D-BF3C-EBF82A95E18C}.Release|x64.ActiveCfg = Release|x64
		{7266D3AA-CE04-482D-BF3C-EBF82A95E18C}.Release|x64.Build.0 = Release|x64
		{7266D3AA-CE04-482D-BF3C-EBF82A95E18C}.Release|x86.ActiveCfg = Release|Win32
		{7266D3AA-CE04-482D-BF3C-EBF82A95E18C}.Release|x86.Build.0 = Release|Win32
		{3ADF16B1-86B5-4C0D-9E9E-3F552B205515}.Debug|x64.ActiveCfg = Debug|x64
		{3ADF16B1-86B5-4C0D-9E9E-3F552B205515}.Debug|x64.Build.0 = Debug|x64
		{3ADF16B1-86B5-4C0D-9E9E-3F552B205515}.Debug|x86.ActiveCfg = Debug|Win32
		{3ADF16B1-86B5-4C0D-9E9E-3F552B205515}.Debug|x86.Build.0 = Debug|Win32
		{3ADF16B1-86B5-4C0D-9E9E-3F552B205515}.Release|x64.ActiveCfg = Release|x64
		{3ADF16B1-86B5-4C0D-9E9E-3F552B205515}.Release|x64.Build.0 = Release|x64
		{3ADF16B1-86B5-4C0D-9E9E-3F552B205515}.Release|x86.ActiveCfg = Release|Win32
		{3ADF16B1-86B5-4C0D-9E9E-3F552B205515}.Release|x86.Build.0 = Release|Win32
		{3C6C56CD-1868-42AC-BDAC-F92AB3095038}.Debug|x64.ActiveCfg = Debug|x64
		{3C6C56CD-1868-42AC-BDAC-F92AB3095038}.Debug|x64.Build.0 = Debug|x64
		{3C6C56CD-1868-42AC-BDAC-F92AB3095038}.Debug|x86.ActiveCfg = Debug|Win32
		{3C6C56CD-1868-42AC-BDAC-F92AB3095038}.Debug|x86.Build.0 = Debug|Win32
		{3C6C56CD-1868-42AC-BDAC-F92AB3095038}.Release|x64.ActiveCfg = Release|x64
		{3C6C56CD-1868-42AC-BDAC-F92AB3095038}.Release|x64.Build.0 = Release|x64
		{3C6C56CD-1868-42AC-BDAC-F92AB3095038}.Release|x86.ActiveCfg = Release|Win32
		{3C6C56CD-1868-42AC-BDAC-F92AB3095038}.Release|x86.Build.0 = Release|Win32
	EndGlobalSection
	GlobalSection(SolutionProperties) = preSolution
		HideSolutionNode = FALSE
	EndGlobalSection
	GlobalSection(NestedProjects) = preSolution
		{10C4DDE6-CE1B-4D31-9473-AE058E45DBD8} = {C6EF9D78-C8C2-4B07-A792-E9E4A9D5EF6A}
		{7266D3AA-CE04-482D-BF3C-EBF82A95E18C} = {C6EF9D78-C8C2-4B07-A792-E9E4A9D5EF6A}
		{3ADF16B1-86B5-4C0D-9E9E-3F552B205515} = {C6EF9D78-C8C2-4B07-A792-E9E4A9D5EF6A}
		{3C6C56CD-1868-42AC-BDAC-F92AB3095038} = {C6EF9D78-C8C2-4B07-A792-E9E4A9D5EF6A}
	EndGlobalSection
EndGlobal
